
Microsoft Visual Studio Solution File, Format Version 12.00
# Visual Studio Version 17
VisualStudioVersion = 17.2.32526.322
MinimumVisualStudioVersion = 10.0.40219.1
Project("{8BC9CEB8-8B4A-11D0-8D11-00A0C91BC942}") = "14_Polymorphism", "14_Polymorphism.vcxproj", "{958DC068-FC6E-42F4-890C-CC9C3F93F350}"
EndProject
Global
	GlobalSection(SolutionConfigurationPlatforms) = preSolution
		Debug|x64 = Debug|x64
		Debug|x86 = Debug|x86
		Release|x64 = Release|x64
		Release|x86 = Release|x86
	EndGlobalSection
	GlobalSection(ProjectConfigurationPlatforms) = postSolution
		{958DC068-FC6E-42F4-890C-CC9C3F93F350}.Debug|x64.ActiveCfg = Debug|x64
		{958DC068-FC6E-42F4-890C-CC9C3F93F350}.Debug|x64.Build.0 = Debug|x64
		{958DC068-FC6E-42F4-890C-CC9C3F93F350}.Debug|x86.ActiveCfg = Debug|Win32
		{958DC068-FC6E-42F4-890C-CC9C3F93F350}.Debug|x86.Build.0 = Debug|Win32
		{958DC068-FC6E-42F4-890C-CC9C3F93F350}.Release|x64.ActiveCfg = Release|x64
		{958DC068-FC6E-42F4-890C-CC9C3F93F350}.Release|x64.Build.0 = Release|x64
		{958DC068-FC6E-42F4-890C-CC9C3F93F350}.Release|x86.ActiveCfg = Release|Win32
		{958DC068-FC6E-42F4-890C-CC9C3F93F350}.Release|x86.Build.0 = Release|Win32
	EndGlobalSection
	GlobalSection(SolutionProperties) = preSolution
		HideSolutionNode = FALSE
	EndGlobalSection
	GlobalSection(ExtensibilityGlobals) = postSolution
		SolutionGuid = {C916F144-E0C8-4651-BBEC-E2631CEAE480}
	EndGlobalSection
EndGlobal
