<?xml version="1.0" encoding="utf-8"?>
<Project ToolsVersion="4.0" xmlns="http://schemas.microsoft.com/developer/msbuild/2003">
  <ItemGroup>
    <Filter Include="源文件">
      <UniqueIdentifier>{4FC737F1-C7A5-4376-A066-2A32D752A2FF}</UniqueIdentifier>
      <Extensions>cpp;c;cc;cxx;c++;cppm;ixx;def;odl;idl;hpj;bat;asm;asmx</Extensions>
    </Filter>
    <Filter Include="头文件">
      <UniqueIdentifier>{93995380-89BD-4b04-88EB-625FBE52EBFB}</UniqueIdentifier>
      <Extensions>h;hh;hpp;hxx;h++;hm;inl;inc;ipp;xsd</Extensions>
    </Filter>
    <Filter Include="资源文件">
      <UniqueIdentifier>{67DA6AB6-F800-4c08-8B7A-83BB121AAD01}</UniqueIdentifier>
      <Extensions>rc;ico;cur;bmp;dlg;rc2;rct;bin;rgs;gif;jpg;jpeg;jpe;resx;tiff;tif;png;wav;mfcribbon-ms</Extensions>
    </Filter>
  </ItemGroup>
  <ItemGroup>
    <ClCompile Include="Vector_01\vector01.cpp">
      <Filter>源文件</Filter>
    </ClCompile>
    <ClCompile Include="Vector_00\concept.cpp">
      <Filter>源文件</Filter>
    </ClCompile>
    <ClCompile Include="vector02.cpp">
      <Filter>源文件</Filter>
    </ClCompile>
    <ClCompile Include="vector03.cpp">
      <Filter>源文件</Filter>
    </ClCompile>
    <ClCompile Include="string01.cpp">
      <Filter>源文件</Filter>
    </ClCompile>
    <ClCompile Include="string02.cpp">
      <Filter>源文件</Filter>
    </ClCompile>
    <ClCompile Include="string03.cpp">
      <Filter>源文件</Filter>
    </ClCompile>
    <ClCompile Include="string04.cpp">
      <Filter>源文件</Filter>
    </ClCompile>
    <ClCompile Include="string05.cpp">
      <Filter>源文件</Filter>
    </ClCompile>
    <ClCompile Include="string06.cpp">
      <Filter>源文件</Filter>
    </ClCompile>
    <ClCompile Include="string07.cpp">
      <Filter>源文件</Filter>
    </ClCompile>
    <ClCompile Include="string08.cpp">
      <Filter>源文件</Filter>
    </ClCompile>
    <ClCompile Include="vector04.cpp">
      <Filter>源文件</Filter>
    </ClCompile>
    <ClCompile Include="vector05.cpp">
      <Filter>源文件</Filter>
    </ClCompile>
    <ClCompile Include="vector06.cpp">
      <Filter>源文件</Filter>
    </ClCompile>
    <ClCompile Include="vector07.cpp">
      <Filter>源文件</Filter>
    </ClCompile>
    <ClCompile Include="vector08.cpp">
      <Filter>源文件</Filter>
    </ClCompile>
    <ClCompile Include="vector09.cpp">
      <Filter>源文件</Filter>
    </ClCompile>
    <ClCompile Include="vector10.cpp">
      <Filter>源文件</Filter>
    </ClCompile>
    <ClCompile Include="deque01.cpp">
      <Filter>源文件</Filter>
    </ClCompile>
    <ClCompile Include="deque02.cpp">
      <Filter>源文件</Filter>
    </ClCompile>
    <ClCompile Include="deque03.cpp">
      <Filter>源文件</Filter>
    </ClCompile>
    <ClCompile Include="deque04.cpp">
      <Filter>源文件</Filter>
    </ClCompile>
    <ClCompile Include="deque05.cpp">
      <Filter>源文件</Filter>
    </ClCompile>
    <ClCompile Include="deque06.cpp">
      <Filter>源文件</Filter>
    </ClCompile>
    <ClCompile Include="stack01.cpp">
      <Filter>源文件</Filter>
    </ClCompile>
    <ClCompile Include="queue01.cpp">
      <Filter>源文件</Filter>
    </ClCompile>
    <ClCompile Include="list01.cpp">
      <Filter>源文件</Filter>
    </ClCompile>
    <ClCompile Include="list02.cpp">
      <Filter>源文件</Filter>
    </ClCompile>
    <ClCompile Include="list03.cpp">
      <Filter>源文件</Filter>
    </ClCompile>
    <ClCompile Include="list04.cpp">
      <Filter>源文件</Filter>
    </ClCompile>
    <ClCompile Include="list05.cpp">
      <Filter>源文件</Filter>
    </ClCompile>
    <ClCompile Include="list06.cpp">
      <Filter>源文件</Filter>
    </ClCompile>
    <ClCompile Include="list07.cpp">
      <Filter>源文件</Filter>
    </ClCompile>
  </ItemGroup>
</Project>